
Microsoft Visual Studio Solution File, Format Version 12.00
# Visual Studio Version 17
VisualStudioVersion = 17.4.33122.133
MinimumVisualStudioVersion = 10.0.40219.1
Project("{9A19103F-16F7-4668-BE54-9A1E7A4F7556}") = "Xpand.CrewsAPI", "Xpand.CrewsAPI.csproj", "{24F0FA93-62CA-4959-B5D4-5676B1DC5EF4}"
EndProject
Project("{FAE04EC0-301F-11D3-BF4B-00C04F79EFBC}") = "Xpand.CrewsAPI.Tests", "..\Xpand.CrewsAPI.Tests\Xpand.CrewsAPI.Tests.csproj", "{7445C581-40CE-484D-ABD7-48D08F4DED5A}"
EndProject
Global
	GlobalSection(SolutionConfigurationPlatforms) = preSolution
		Debug|Any CPU = Debug|Any CPU
		Release|Any CPU = Release|Any CPU
	EndGlobalSection
	GlobalSection(ProjectConfigurationPlatforms) = postSolution
		{24F0FA93-62CA-4959-B5D4-5676B1DC5EF4}.Debug|Any CPU.ActiveCfg = Debug|Any CPU
		{24F0FA93-62CA-4959-B5D4-5676B1DC5EF4}.Debug|Any CPU.Build.0 = Debug|Any CPU
		{24F0FA93-62CA-4959-B5D4-5676B1DC5EF4}.Release|Any CPU.ActiveCfg = Release|Any CPU
		{24F0FA93-62CA-4959-B5D4-5676B1DC5EF4}.Release|Any CPU.Build.0 = Release|Any CPU
		{7445C581-40CE-484D-ABD7-48D08F4DED5A}.Debug|Any CPU.ActiveCfg = Debug|Any CPU
		{7445C581-40CE-484D-ABD7-48D08F4DED5A}.Debug|Any CPU.Build.0 = Debug|Any CPU
		{7445C581-40CE-484D-ABD7-48D08F4DED5A}.Release|Any CPU.ActiveCfg = Release|Any CPU
		{7445C581-40CE-484D-ABD7-48D08F4DED5A}.Release|Any CPU.Build.0 = Release|Any CPU
	EndGlobalSection
	GlobalSection(SolutionProperties) = preSolution
		HideSolutionNode = FALSE
	EndGlobalSection
	GlobalSection(ExtensibilityGlobals) = postSolution
		SolutionGuid = {01E64B05-A89B-4D47-A2AC-6D5D3ADF7F26}
	EndGlobalSection
EndGlobal
